
Microsoft Visual Studio Solution File, Format Version 12.00
# Visual Studio Version 17
VisualStudioVersion = 17.5.002.0
MinimumVisualStudioVersion = 10.0.40219.1
Project("{9A19103F-16F7-4668-BE54-9A1E7A4F7556}") = "WebApi.Business", "WebApi.Business.csproj", "{576D9EF7-CDB3-4824-BDE8-7B8C1399C3F3}"
EndProject
Global
	GlobalSection(SolutionConfigurationPlatforms) = preSolution
		Debug|Any CPU = Debug|Any CPU
		Release|Any CPU = Release|Any CPU
	EndGlobalSection
	GlobalSection(ProjectConfigurationPlatforms) = postSolution
		{576D9EF7-CDB3-4824-BDE8-7B8C1399C3F3}.Debug|Any CPU.ActiveCfg = Debug|Any CPU
		{576D9EF7-CDB3-4824-BDE8-7B8C1399C3F3}.Debug|Any CPU.Build.0 = Debug|Any CPU
		{576D9EF7-CDB3-4824-BDE8-7B8C1399C3F3}.Release|Any CPU.ActiveCfg = Release|Any CPU
		{576D9EF7-CDB3-4824-BDE8-7B8C1399C3F3}.Release|Any CPU.Build.0 = Release|Any CPU
	EndGlobalSection
	GlobalSection(SolutionProperties) = preSolution
		HideSolutionNode = FALSE
	EndGlobalSection
	GlobalSection(ExtensibilityGlobals) = postSolution
		SolutionGuid = {0B59940E-FDAA-4A57-A89A-27EE7B9FD4A7}
	EndGlobalSection
EndGlobal
